// !$*UTF8*$!
{
	archiveVersion = 1;
	classes = {
	};
	objectVersion = 56;
	objects = {

/* Begin PBXBuildFile section */
		690FF15D2AF3CE8900A0B06B /* PostHogExampleWatchOS Watch App.app in Embed Watch Content */ = {isa = PBXBuildFile; fileRef = 690FF15C2AF3CE8900A0B06B /* PostHogExampleWatchOS Watch App.app */; settings = {ATTRIBUTES = (RemoveHeadersOnCopy, ); }; };
		690FF1622AF3CE8900A0B06B /* PostHogExampleWatchOSApp.swift in Sources */ = {isa = PBXBuildFile; fileRef = 690FF1612AF3CE8900A0B06B /* PostHogExampleWatchOSApp.swift */; };
		690FF1642AF3CE8900A0B06B /* ContentView.swift in Sources */ = {isa = PBXBuildFile; fileRef = 690FF1632AF3CE8900A0B06B /* ContentView.swift */; };
		690FF1662AF3CE8A00A0B06B /* Assets.xcassets in Resources */ = {isa = PBXBuildFile; fileRef = 690FF1652AF3CE8A00A0B06B /* Assets.xcassets */; };
		690FF1692AF3CE8A00A0B06B /* Preview Assets.xcassets in Resources */ = {isa = PBXBuildFile; fileRef = 690FF1682AF3CE8A00A0B06B /* Preview Assets.xcassets */; };
		690FF1802AF3D12E00A0B06B /* PostHog.framework in Frameworks */ = {isa = PBXBuildFile; fileRef = 690FF17F2AF3D12E00A0B06B /* PostHog.framework */; };
		690FF1812AF3D12E00A0B06B /* PostHog.framework in Embed Frameworks */ = {isa = PBXBuildFile; fileRef = 690FF17F2AF3D12E00A0B06B /* PostHog.framework */; settings = {ATTRIBUTES = (CodeSignOnCopy, RemoveHeadersOnCopy, ); }; };
/* End PBXBuildFile section */

/* Begin PBXContainerItemProxy section */
		690FF15E2AF3CE8900A0B06B /* PBXContainerItemProxy */ = {
			isa = PBXContainerItemProxy;
			containerPortal = 690FF1502AF3CE8900A0B06B /* Project object */;
			proxyType = 1;
			remoteGlobalIDString = 690FF15B2AF3CE8900A0B06B;
			remoteInfo = "PostHogExampleWatchOS Watch App";
		};
/* End PBXContainerItemProxy section */

/* Begin PBXCopyFilesBuildPhase section */
		690FF16F2AF3CE8A00A0B06B /* Embed Watch Content */ = {
			isa = PBXCopyFilesBuildPhase;
			buildActionMask = 2147483647;
			dstPath = "$(CONTENTS_FOLDER_PATH)/Watch";
			dstSubfolderSpec = 16;
			files = (
				690FF15D2AF3CE8900A0B06B /* PostHogExampleWatchOS Watch App.app in Embed Watch Content */,
			);
			name = "Embed Watch Content";
			runOnlyForDeploymentPostprocessing = 0;
		};
		690FF1822AF3D12E00A0B06B /* Embed Frameworks */ = {
			isa = PBXCopyFilesBuildPhase;
			buildActionMask = 2147483647;
			dstPath = "";
			dstSubfolderSpec = 10;
			files = (
				690FF1812AF3D12E00A0B06B /* PostHog.framework in Embed Frameworks */,
			);
			name = "Embed Frameworks";
			runOnlyForDeploymentPostprocessing = 0;
		};
/* End PBXCopyFilesBuildPhase section */

/* Begin PBXFileReference section */
		690FF1562AF3CE8900A0B06B /* PostHogExampleWatchOS.app */ = {isa = PBXFileReference; explicitFileType = wrapper.application; includeInIndex = 0; path = PostHogExampleWatchOS.app; sourceTree = BUILT_PRODUCTS_DIR; };
		690FF15C2AF3CE8900A0B06B /* PostHogExampleWatchOS Watch App.app */ = {isa = PBXFileReference; explicitFileType = wrapper.application; includeInIndex = 0; path = "PostHogExampleWatchOS Watch App.app"; sourceTree = BUILT_PRODUCTS_DIR; };
		690FF1612AF3CE8900A0B06B /* PostHogExampleWatchOSApp.swift */ = {isa = PBXFileReference; lastKnownFileType = sourcecode.swift; path = PostHogExampleWatchOSApp.swift; sourceTree = "<group>"; };
		690FF1632AF3CE8900A0B06B /* ContentView.swift */ = {isa = PBXFileReference; lastKnownFileType = sourcecode.swift; path = ContentView.swift; sourceTree = "<group>"; };
		690FF1652AF3CE8A00A0B06B /* Assets.xcassets */ = {isa = PBXFileReference; lastKnownFileType = folder.assetcatalog; path = Assets.xcassets; sourceTree = "<group>"; };
		690FF1682AF3CE8A00A0B06B /* Preview Assets.xcassets */ = {isa = PBXFileReference; lastKnownFileType = folder.assetcatalog; path = "Preview Assets.xcassets"; sourceTree = "<group>"; };
		690FF17F2AF3D12E00A0B06B /* PostHog.framework */ = {isa = PBXFileReference; explicitFileType = wrapper.framework; path = PostHog.framework; sourceTree = BUILT_PRODUCTS_DIR; };
/* End PBXFileReference section */

/* Begin PBXFrameworksBuildPhase section */
		690FF1592AF3CE8900A0B06B /* Frameworks */ = {
			isa = PBXFrameworksBuildPhase;
			buildActionMask = 2147483647;
			files = (
				690FF1802AF3D12E00A0B06B /* PostHog.framework in Frameworks */,
			);
			runOnlyForDeploymentPostprocessing = 0;
		};
/* End PBXFrameworksBuildPhase section */

/* Begin PBXGroup section */
		690FF14F2AF3CE8900A0B06B = {
			isa = PBXGroup;
			children = (
				690FF1602AF3CE8900A0B06B /* PostHogExampleWatchOS Watch App */,
				690FF1572AF3CE8900A0B06B /* Products */,
				690FF17E2AF3D12E00A0B06B /* Frameworks */,
			);
			sourceTree = "<group>";
		};
		690FF1572AF3CE8900A0B06B /* Products */ = {
			isa = PBXGroup;
			children = (
				690FF1562AF3CE8900A0B06B /* PostHogExampleWatchOS.app */,
				690FF15C2AF3CE8900A0B06B /* PostHogExampleWatchOS Watch App.app */,
			);
			name = Products;
			sourceTree = "<group>";
		};
		690FF1602AF3CE8900A0B06B /* PostHogExampleWatchOS Watch App */ = {
			isa = PBXGroup;
			children = (
				690FF1612AF3CE8900A0B06B /* PostHogExampleWatchOSApp.swift */,
				690FF1632AF3CE8900A0B06B /* ContentView.swift */,
				690FF1652AF3CE8A00A0B06B /* Assets.xcassets */,
				690FF1672AF3CE8A00A0B06B /* Preview Content */,
			);
			path = "PostHogExampleWatchOS Watch App";
			sourceTree = "<group>";
		};
		690FF1672AF3CE8A00A0B06B /* Preview Content */ = {
			isa = PBXGroup;
			children = (
				690FF1682AF3CE8A00A0B06B /* Preview Assets.xcassets */,
			);
			path = "Preview Content";
			sourceTree = "<group>";
		};
		690FF17E2AF3D12E00A0B06B /* Frameworks */ = {
			isa = PBXGroup;
			children = (
				690FF17F2AF3D12E00A0B06B /* PostHog.framework */,
			);
			name = Frameworks;
			sourceTree = "<group>";
		};
/* End PBXGroup section */

/* Begin PBXNativeTarget section */
		690FF1552AF3CE8900A0B06B /* PostHogExampleWatchOS */ = {
			isa = PBXNativeTarget;
			buildConfigurationList = 690FF1702AF3CE8A00A0B06B /* Build configuration list for PBXNativeTarget "PostHogExampleWatchOS" */;
			buildPhases = (
				690FF1542AF3CE8900A0B06B /* Resources */,
				690FF16F2AF3CE8A00A0B06B /* Embed Watch Content */,
			);
			buildRules = (
			);
			dependencies = (
				690FF15F2AF3CE8900A0B06B /* PBXTargetDependency */,
			);
			name = PostHogExampleWatchOS;
			productName = PostHogExampleWatchOS;
			productReference = 690FF1562AF3CE8900A0B06B /* PostHogExampleWatchOS.app */;
			productType = "com.apple.product-type.application.watchapp2-container";
		};
		690FF15B2AF3CE8900A0B06B /* PostHogExampleWatchOS Watch App */ = {
			isa = PBXNativeTarget;
			buildConfigurationList = 690FF16C2AF3CE8A00A0B06B /* Build configuration list for PBXNativeTarget "PostHogExampleWatchOS Watch App" */;
			buildPhases = (
				690FF1582AF3CE8900A0B06B /* Sources */,
				690FF1592AF3CE8900A0B06B /* Frameworks */,
				690FF15A2AF3CE8900A0B06B /* Resources */,
				690FF1822AF3D12E00A0B06B /* Embed Frameworks */,
			);
			buildRules = (
			);
			dependencies = (
			);
			name = "PostHogExampleWatchOS Watch App";
			productName = "PostHogExampleWatchOS Watch App";
			productReference = 690FF15C2AF3CE8900A0B06B /* PostHogExampleWatchOS Watch App.app */;
			productType = "com.apple.product-type.application";
		};
/* End PBXNativeTarget section */

/* Begin PBXProject section */
		690FF1502AF3CE8900A0B06B /* Project object */ = {
			isa = PBXProject;
			attributes = {
				BuildIndependentTargetsInParallel = 1;
				LastSwiftUpdateCheck = 1500;
				LastUpgradeCheck = 1530;
				TargetAttributes = {
					690FF1552AF3CE8900A0B06B = {
						CreatedOnToolsVersion = 15.0.1;
					};
					690FF15B2AF3CE8900A0B06B = {
						CreatedOnToolsVersion = 15.0.1;
					};
				};
			};
			buildConfigurationList = 690FF1532AF3CE8900A0B06B /* Build configuration list for PBXProject "PostHogExampleWatchOS" */;
			compatibilityVersion = "Xcode 14.0";
			developmentRegion = en;
			hasScannedForEncodings = 0;
			knownRegions = (
				en,
				Base,
			);
			mainGroup = 690FF14F2AF3CE8900A0B06B;
			productRefGroup = 690FF1572AF3CE8900A0B06B /* Products */;
			projectDirPath = "";
			projectRoot = "";
			targets = (
				690FF1552AF3CE8900A0B06B /* PostHogExampleWatchOS */,
				690FF15B2AF3CE8900A0B06B /* PostHogExampleWatchOS Watch App */,
			);
		};
/* End PBXProject section */

/* Begin PBXResourcesBuildPhase section */
		690FF1542AF3CE8900A0B06B /* Resources */ = {
			isa = PBXResourcesBuildPhase;
			buildActionMask = 2147483647;
			files = (
			);
			runOnlyForDeploymentPostprocessing = 0;
		};
		690FF15A2AF3CE8900A0B06B /* Resources */ = {
			isa = PBXResourcesBuildPhase;
			buildActionMask = 2147483647;
			files = (
				690FF1692AF3CE8A00A0B06B /* Preview Assets.xcassets in Resources */,
				690FF1662AF3CE8A00A0B06B /* Assets.xcassets in Resources */,
			);
			runOnlyForDeploymentPostprocessing = 0;
		};
/* End PBXResourcesBuildPhase section */

/* Begin PBXSourcesBuildPhase section */
		690FF1582AF3CE8900A0B06B /* Sources */ = {
			isa = PBXSourcesBuildPhase;
			buildActionMask = 2147483647;
			files = (
				690FF1642AF3CE8900A0B06B /* ContentView.swift in Sources */,
				690FF1622AF3CE8900A0B06B /* PostHogExampleWatchOSApp.swift in Sources */,
			);
			runOnlyForDeploymentPostprocessing = 0;
		};
/* End PBXSourcesBuildPhase section */

/* Begin PBXTargetDependency section */
		690FF15F2AF3CE8900A0B06B /* PBXTargetDependency */ = {
			isa = PBXTargetDependency;
			target = 690FF15B2AF3CE8900A0B06B /* PostHogExampleWatchOS Watch App */;
			targetProxy = 690FF15E2AF3CE8900A0B06B /* PBXContainerItemProxy */;
		};
/* End PBXTargetDependency section */

/* Begin XCBuildConfiguration section */
		690FF16A2AF3CE8A00A0B06B /* Debug */ = {
			isa = XCBuildConfiguration;
			buildSettings = {
				ALWAYS_SEARCH_USER_PATHS = NO;
				ASSETCATALOG_COMPILER_GENERATE_SWIFT_ASSET_SYMBOL_EXTENSIONS = YES;
				CLANG_ANALYZER_NONNULL = YES;
				CLANG_ANALYZER_NUMBER_OBJECT_CONVERSION = YES_AGGRESSIVE;
				CLANG_CXX_LANGUAGE_STANDARD = "gnu++20";
				CLANG_ENABLE_MODULES = YES;
				CLANG_ENABLE_OBJC_ARC = YES;
				CLANG_ENABLE_OBJC_WEAK = YES;
				CLANG_WARN_BLOCK_CAPTURE_AUTORELEASING = YES;
				CLANG_WARN_BOOL_CONVERSION = YES;
				CLANG_WARN_COMMA = YES;
				CLANG_WARN_CONSTANT_CONVERSION = YES;
				CLANG_WARN_DEPRECATED_OBJC_IMPLEMENTATIONS = YES;
				CLANG_WARN_DIRECT_OBJC_ISA_USAGE = YES_ERROR;
				CLANG_WARN_DOCUMENTATION_COMMENTS = YES;
				CLANG_WARN_EMPTY_BODY = YES;
				CLANG_WARN_ENUM_CONVERSION = YES;
				CLANG_WARN_INFINITE_RECURSION = YES;
				CLANG_WARN_INT_CONVERSION = YES;
				CLANG_WARN_NON_LITERAL_NULL_CONVERSION = YES;
				CLANG_WARN_OBJC_IMPLICIT_RETAIN_SELF = YES;
				CLANG_WARN_OBJC_LITERAL_CONVERSION = YES;
				CLANG_WARN_OBJC_ROOT_CLASS = YES_ERROR;
				CLANG_WARN_QUOTED_INCLUDE_IN_FRAMEWORK_HEADER = YES;
				CLANG_WARN_RANGE_LOOP_ANALYSIS = YES;
				CLANG_WARN_STRICT_PROTOTYPES = YES;
				CLANG_WARN_SUSPICIOUS_MOVE = YES;
				CLANG_WARN_UNGUARDED_AVAILABILITY = YES_AGGRESSIVE;
				CLANG_WARN_UNREACHABLE_CODE = YES;
				CLANG_WARN__DUPLICATE_METHOD_MATCH = YES;
				COPY_PHASE_STRIP = NO;
				DEAD_CODE_STRIPPING = YES;
				DEBUG_INFORMATION_FORMAT = dwarf;
				ENABLE_STRICT_OBJC_MSGSEND = YES;
				ENABLE_TESTABILITY = YES;
				ENABLE_USER_SCRIPT_SANDBOXING = YES;
				GCC_C_LANGUAGE_STANDARD = gnu17;
				GCC_DYNAMIC_NO_PIC = NO;
				GCC_NO_COMMON_BLOCKS = YES;
				GCC_OPTIMIZATION_LEVEL = 0;
				GCC_PREPROCESSOR_DEFINITIONS = (
					"DEBUG=1",
					"$(inherited)",
				);
				GCC_WARN_64_TO_32_BIT_CONVERSION = YES;
				GCC_WARN_ABOUT_RETURN_TYPE = YES_ERROR;
				GCC_WARN_UNDECLARED_SELECTOR = YES;
				GCC_WARN_UNINITIALIZED_AUTOS = YES_AGGRESSIVE;
				GCC_WARN_UNUSED_FUNCTION = YES;
				GCC_WARN_UNUSED_VARIABLE = YES;
				LOCALIZATION_PREFERS_STRING_CATALOGS = YES;
				MTL_ENABLE_DEBUG_INFO = INCLUDE_SOURCE;
				MTL_FAST_MATH = YES;
				ONLY_ACTIVE_ARCH = YES;
				SWIFT_ACTIVE_COMPILATION_CONDITIONS = "DEBUG $(inherited)";
				SWIFT_OPTIMIZATION_LEVEL = "-Onone";
			};
			name = Debug;
		};
		690FF16B2AF3CE8A00A0B06B /* Release */ = {
			isa = XCBuildConfiguration;
			buildSettings = {
				ALWAYS_SEARCH_USER_PATHS = NO;
				ASSETCATALOG_COMPILER_GENERATE_SWIFT_ASSET_SYMBOL_EXTENSIONS = YES;
				CLANG_ANALYZER_NONNULL = YES;
				CLANG_ANALYZER_NUMBER_OBJECT_CONVERSION = YES_AGGRESSIVE;
				CLANG_CXX_LANGUAGE_STANDARD = "gnu++20";
				CLANG_ENABLE_MODULES = YES;
				CLANG_ENABLE_OBJC_ARC = YES;
				CLANG_ENABLE_OBJC_WEAK = YES;
				CLANG_WARN_BLOCK_CAPTURE_AUTORELEASING = YES;
				CLANG_WARN_BOOL_CONVERSION = YES;
				CLANG_WARN_COMMA = YES;
				CLANG_WARN_CONSTANT_CONVERSION = YES;
				CLANG_WARN_DEPRECATED_OBJC_IMPLEMENTATIONS = YES;
				CLANG_WARN_DIRECT_OBJC_ISA_USAGE = YES_ERROR;
				CLANG_WARN_DOCUMENTATION_COMMENTS = YES;
				CLANG_WARN_EMPTY_BODY = YES;
				CLANG_WARN_ENUM_CONVERSION = YES;
				CLANG_WARN_INFINITE_RECURSION = YES;
				CLANG_WARN_INT_CONVERSION = YES;
				CLANG_WARN_NON_LITERAL_NULL_CONVERSION = YES;
				CLANG_WARN_OBJC_IMPLICIT_RETAIN_SELF = YES;
				CLANG_WARN_OBJC_LITERAL_CONVERSION = YES;
				CLANG_WARN_OBJC_ROOT_CLASS = YES_ERROR;
				CLANG_WARN_QUOTED_INCLUDE_IN_FRAMEWORK_HEADER = YES;
				CLANG_WARN_RANGE_LOOP_ANALYSIS = YES;
				CLANG_WARN_STRICT_PROTOTYPES = YES;
				CLANG_WARN_SUSPICIOUS_MOVE = YES;
				CLANG_WARN_UNGUARDED_AVAILABILITY = YES_AGGRESSIVE;
				CLANG_WARN_UNREACHABLE_CODE = YES;
				CLANG_WARN__DUPLICATE_METHOD_MATCH = YES;
				COPY_PHASE_STRIP = NO;
				DEAD_CODE_STRIPPING = YES;
				DEBUG_INFORMATION_FORMAT = "dwarf-with-dsym";
				ENABLE_NS_ASSERTIONS = NO;
				ENABLE_STRICT_OBJC_MSGSEND = YES;
				ENABLE_USER_SCRIPT_SANDBOXING = YES;
				GCC_C_LANGUAGE_STANDARD = gnu17;
				GCC_NO_COMMON_BLOCKS = YES;
				GCC_WARN_64_TO_32_BIT_CONVERSION = YES;
				GCC_WARN_ABOUT_RETURN_TYPE = YES_ERROR;
				GCC_WARN_UNDECLARED_SELECTOR = YES;
				GCC_WARN_UNINITIALIZED_AUTOS = YES_AGGRESSIVE;
				GCC_WARN_UNUSED_FUNCTION = YES;
				GCC_WARN_UNUSED_VARIABLE = YES;
				LOCALIZATION_PREFERS_STRING_CATALOGS = YES;
				MTL_ENABLE_DEBUG_INFO = NO;
				MTL_FAST_MATH = YES;
				SWIFT_COMPILATION_MODE = wholemodule;
			};
			name = Release;
		};
		690FF16D2AF3CE8A00A0B06B /* Debug */ = {
			isa = XCBuildConfiguration;
			buildSettings = {
				ASSETCATALOG_COMPILER_APPICON_NAME = AppIcon;
				ASSETCATALOG_COMPILER_GLOBAL_ACCENT_COLOR_NAME = AccentColor;
				CODE_SIGN_IDENTITY = "";
				CODE_SIGN_STYLE = Automatic;
				CURRENT_PROJECT_VERSION = 1;
				DEVELOPMENT_ASSET_PATHS = "\"PostHogExampleWatchOS Watch App/Preview Content\"";
				DEVELOPMENT_TEAM = PNC2XCH2XP;
				ENABLE_PREVIEWS = YES;
				GENERATE_INFOPLIST_FILE = YES;
				INFOPLIST_KEY_CFBundleDisplayName = PostHogExampleWatchOS;
				INFOPLIST_KEY_UISupportedInterfaceOrientations = "UIInterfaceOrientationPortrait UIInterfaceOrientationPortraitUpsideDown";
				INFOPLIST_KEY_WKWatchOnly = YES;
				LD_RUNPATH_SEARCH_PATHS = (
					"$(inherited)",
					"@executable_path/Frameworks",
				);
				MARKETING_VERSION = 1.0;
				PRODUCT_BUNDLE_IDENTIFIER = com.posthog.PostHogExampleWatchOS.watchkitapp;
				PRODUCT_NAME = "$(TARGET_NAME)";
				SDKROOT = watchos;
				SKIP_INSTALL = YES;
				SWIFT_EMIT_LOC_STRINGS = YES;
				SWIFT_VERSION = 5.0;
				TARGETED_DEVICE_FAMILY = 4;
				WATCHOS_DEPLOYMENT_TARGET = 10.0;
			};
			name = Debug;
		};
		690FF16E2AF3CE8A00A0B06B /* Release */ = {
			isa = XCBuildConfiguration;
			buildSettings = {
				ASSETCATALOG_COMPILER_APPICON_NAME = AppIcon;
				ASSETCATALOG_COMPILER_GLOBAL_ACCENT_COLOR_NAME = AccentColor;
				CODE_SIGN_IDENTITY = "";
				CODE_SIGN_STYLE = Automatic;
				CURRENT_PROJECT_VERSION = 1;
				DEVELOPMENT_ASSET_PATHS = "\"PostHogExampleWatchOS Watch App/Preview Content\"";
				DEVELOPMENT_TEAM = PNC2XCH2XP;
				ENABLE_PREVIEWS = YES;
				GENERATE_INFOPLIST_FILE = YES;
				INFOPLIST_KEY_CFBundleDisplayName = PostHogExampleWatchOS;
				INFOPLIST_KEY_UISupportedInterfaceOrientations = "UIInterfaceOrientationPortrait UIInterfaceOrientationPortraitUpsideDown";
				INFOPLIST_KEY_WKWatchOnly = YES;
				LD_RUNPATH_SEARCH_PATHS = (
					"$(inherited)",
					"@executable_path/Frameworks",
				);
				MARKETING_VERSION = 1.0;
				PRODUCT_BUNDLE_IDENTIFIER = com.posthog.PostHogExampleWatchOS.watchkitapp;
				PRODUCT_NAME = "$(TARGET_NAME)";
				SDKROOT = watchos;
				SKIP_INSTALL = YES;
				SWIFT_EMIT_LOC_STRINGS = YES;
				SWIFT_VERSION = 5.0;
				TARGETED_DEVICE_FAMILY = 4;
				VALIDATE_PRODUCT = YES;
				WATCHOS_DEPLOYMENT_TARGET = 10.0;
			};
			name = Release;
		};
		690FF1712AF3CE8A00A0B06B /* Debug */ = {
			isa = XCBuildConfiguration;
			buildSettings = {
				ALWAYS_EMBED_SWIFT_STANDARD_LIBRARIES = YES;
				CODE_SIGN_IDENTITY = "";
				CODE_SIGN_STYLE = Automatic;
				CURRENT_PROJECT_VERSION = 1;
				DEVELOPMENT_TEAM = PNC2XCH2XP;
				INFOPLIST_KEY_CFBundleDisplayName = PostHogExampleWatchOS;
				MARKETING_VERSION = 1.0;
				PRODUCT_BUNDLE_IDENTIFIER = com.posthog.PostHogExampleWatchOS;
				PRODUCT_NAME = "$(TARGET_NAME)";
				SDKROOT = iphoneos;
				SWIFT_VERSION = 5.0;
			};
			name = Debug;
		};
		690FF1722AF3CE8A00A0B06B /* Release */ = {
			isa = XCBuildConfiguration;
			buildSettings = {
				ALWAYS_EMBED_SWIFT_STANDARD_LIBRARIES = YES;
				CODE_SIGN_IDENTITY = "";
				CODE_SIGN_STYLE = Automatic;
				CURRENT_PROJECT_VERSION = 1;
				DEVELOPMENT_TEAM = PNC2XCH2XP;
				INFOPLIST_KEY_CFBundleDisplayName = PostHogExampleWatchOS;
				MARKETING_VERSION = 1.0;
				PRODUCT_BUNDLE_IDENTIFIER = com.posthog.PostHogExampleWatchOS;
				PRODUCT_NAME = "$(TARGET_NAME)";
				SDKROOT = iphoneos;
				SWIFT_VERSION = 5.0;
				VALIDATE_PRODUCT = YES;
			};
			name = Release;
		};
/* End XCBuildConfiguration section */

/* Begin XCConfigurationList section */
		690FF1532AF3CE8900A0B06B /* Build configuration list for PBXProject "PostHogExampleWatchOS" */ = {
			isa = XCConfigurationList;
			buildConfigurations = (
				690FF16A2AF3CE8A00A0B06B /* Debug */,
				690FF16B2AF3CE8A00A0B06B /* Release */,
			);
			defaultConfigurationIsVisible = 0;
			defaultConfigurationName = Release;
		};
		690FF16C2AF3CE8A00A0B06B /* Build configuration list for PBXNativeTarget "PostHogExampleWatchOS Watch App" */ = {
			isa = XCConfigurationList;
			buildConfigurations = (
				690FF16D2AF3CE8A00A0B06B /* Debug */,
				690FF16E2AF3CE8A00A0B06B /* Release */,
			);
			defaultConfigurationIsVisible = 0;
			defaultConfigurationName = Release;
		};
		690FF1702AF3CE8A00A0B06B /* Build configuration list for PBXNativeTarget "PostHogExampleWatchOS" */ = {
			isa = XCConfigurationList;
			buildConfigurations = (
				690FF1712AF3CE8A00A0B06B /* Debug */,
				690FF1722AF3CE8A00A0B06B /* Release */,
			);
			defaultConfigurationIsVisible = 0;
			defaultConfigurationName = Release;
		};
/* End XCConfigurationList section */
	};
	rootObject = 690FF1502AF3CE8900A0B06B /* Project object */;
}
